
Microsoft Visual Studio Solution File, Format Version 12.00
# Visual Studio Version 16
VisualStudioVersion = 16.0.31205.134
MinimumVisualStudioVersion = 10.0.40219.1
Project("{FAE04EC0-301F-11D3-BF4B-00C04F79EFBC}") = "xadrez-console", "xadrez-console\xadrez-console.csproj", "{AACD62BF-A216-4070-A132-3D708F28C973}"
EndProject
Global
	GlobalSection(SolutionConfigurationPlatforms) = preSolution
		Debug|Any CPU = Debug|Any CPU
		Release|Any CPU = Release|Any CPU
	EndGlobalSection
	GlobalSection(ProjectConfigurationPlatforms) = postSolution
		{AACD62BF-A216-4070-A132-3D708F28C973}.Debug|Any CPU.ActiveCfg = Debug|Any CPU
		{AACD62BF-A216-4070-A132-3D708F28C973}.Debug|Any CPU.Build.0 = Debug|Any CPU
		{AACD62BF-A216-4070-A132-3D708F28C973}.Release|Any CPU.ActiveCfg = Release|Any CPU
		{AACD62BF-A216-4070-A132-3D708F28C973}.Release|Any CPU.Build.0 = Release|Any CPU
	EndGlobalSection
	GlobalSection(SolutionProperties) = preSolution
		HideSolutionNode = FALSE
	EndGlobalSection
	GlobalSection(ExtensibilityGlobals) = postSolution
		SolutionGuid = {10E8A1D2-C1E0-41B2-A7AF-342685E1C9CE}
	EndGlobalSection
EndGlobal
